// !$*UTF8*$!
{
	archiveVersion = 1;
	classes = {
	};
	objectVersion = 50;
	objects = {

/* Begin PBXBuildFile section */
		D0904B92222931B3005A5483 /* AppDelegate.swift in Sources */ = {isa = PBXBuildFile; fileRef = D0904B91222931B3005A5483 /* AppDelegate.swift */; };
		D0904B94222931B3005A5483 /* ViewController.swift in Sources */ = {isa = PBXBuildFile; fileRef = D0904B93222931B3005A5483 /* ViewController.swift */; };
		D0904B97222931B3005A5483 /* Main.storyboard in Resources */ = {isa = PBXBuildFile; fileRef = D0904B95222931B3005A5483 /* Main.storyboard */; };
		D0904B99222931B4005A5483 /* Assets.xcassets in Resources */ = {isa = PBXBuildFile; fileRef = D0904B98222931B4005A5483 /* Assets.xcassets */; };
		D0904B9C222931B4005A5483 /* LaunchScreen.storyboard in Resources */ = {isa = PBXBuildFile; fileRef = D0904B9A222931B4005A5483 /* LaunchScreen.storyboard */; };
		D0904BAE222941FB005A5483 /* ShareViewController.swift in Sources */ = {isa = PBXBuildFile; fileRef = D0904BAD222941FB005A5483 /* ShareViewController.swift */; };
		D0904BB1222941FB005A5483 /* MainInterface.storyboard in Resources */ = {isa = PBXBuildFile; fileRef = D0904BAF222941FB005A5483 /* MainInterface.storyboard */; };
		D0904BB5222941FB005A5483 /* share.appex in Embed App Extensions */ = {isa = PBXBuildFile; fileRef = D0904BAB222941FB005A5483 /* share.appex */; settings = {ATTRIBUTES = (RemoveHeadersOnCopy, ); }; };
		D0904BBD222968DD005A5483 /* SpinnerExt.swift in Sources */ = {isa = PBXBuildFile; fileRef = D0904BBC222968DD005A5483 /* SpinnerExt.swift */; };
		D0904BC8222B081C005A5483 /* Alert.swift in Sources */ = {isa = PBXBuildFile; fileRef = D0904BC7222B081C005A5483 /* Alert.swift */; };
		F54CF4318805010CD555E9D7 /* Pods_YoutubeApp.framework in Frameworks */ = {isa = PBXBuildFile; fileRef = B8E35F2E6C4FFFBD1EA9CEA3 /* Pods_YoutubeApp.framework */; };
/* End PBXBuildFile section */

/* Begin PBXContainerItemProxy section */
		D0904BB3222941FB005A5483 /* PBXContainerItemProxy */ = {
			isa = PBXContainerItemProxy;
			containerPortal = D0904B86222931B3005A5483 /* Project object */;
			proxyType = 1;
			remoteGlobalIDString = D0904BAA222941FB005A5483;
			remoteInfo = share;
		};
/* End PBXContainerItemProxy section */

/* Begin PBXCopyFilesBuildPhase section */
		D0904BB9222941FB005A5483 /* Embed App Extensions */ = {
			isa = PBXCopyFilesBuildPhase;
			buildActionMask = 2147483647;
			dstPath = "";
			dstSubfolderSpec = 13;
			files = (
				D0904BB5222941FB005A5483 /* share.appex in Embed App Extensions */,
			);
			name = "Embed App Extensions";
			runOnlyForDeploymentPostprocessing = 0;
		};
/* End PBXCopyFilesBuildPhase section */

/* Begin PBXFileReference section */
		7623A49998718F8119A9E797 /* Pods-YoutubeApp.debug.xcconfig */ = {isa = PBXFileReference; includeInIndex = 1; lastKnownFileType = text.xcconfig; name = "Pods-YoutubeApp.debug.xcconfig"; path = "Pods/Target Support Files/Pods-YoutubeApp/Pods-YoutubeApp.debug.xcconfig"; sourceTree = "<group>"; };
		B8E35F2E6C4FFFBD1EA9CEA3 /* Pods_YoutubeApp.framework */ = {isa = PBXFileReference; explicitFileType = wrapper.framework; includeInIndex = 0; path = Pods_YoutubeApp.framework; sourceTree = BUILT_PRODUCTS_DIR; };
		D0904B8E222931B3005A5483 /* YoutubeApp.app */ = {isa = PBXFileReference; explicitFileType = wrapper.application; includeInIndex = 0; path = YoutubeApp.app; sourceTree = BUILT_PRODUCTS_DIR; };
		D0904B91222931B3005A5483 /* AppDelegate.swift */ = {isa = PBXFileReference; lastKnownFileType = sourcecode.swift; path = AppDelegate.swift; sourceTree = "<group>"; };
		D0904B93222931B3005A5483 /* ViewController.swift */ = {isa = PBXFileReference; lastKnownFileType = sourcecode.swift; path = ViewController.swift; sourceTree = "<group>"; };
		D0904B96222931B3005A5483 /* Base */ = {isa = PBXFileReference; lastKnownFileType = file.storyboard; name = Base; path = Base.lproj/Main.storyboard; sourceTree = "<group>"; };
		D0904B98222931B4005A5483 /* Assets.xcassets */ = {isa = PBXFileReference; lastKnownFileType = folder.assetcatalog; path = Assets.xcassets; sourceTree = "<group>"; };
		D0904B9B222931B4005A5483 /* Base */ = {isa = PBXFileReference; lastKnownFileType = file.storyboard; name = Base; path = Base.lproj/LaunchScreen.storyboard; sourceTree = "<group>"; };
		D0904B9D222931B4005A5483 /* Info.plist */ = {isa = PBXFileReference; lastKnownFileType = text.plist.xml; path = Info.plist; sourceTree = "<group>"; };
		D0904BAB222941FB005A5483 /* share.appex */ = {isa = PBXFileReference; explicitFileType = "wrapper.app-extension"; includeInIndex = 0; path = share.appex; sourceTree = BUILT_PRODUCTS_DIR; };
		D0904BAD222941FB005A5483 /* ShareViewController.swift */ = {isa = PBXFileReference; lastKnownFileType = sourcecode.swift; path = ShareViewController.swift; sourceTree = "<group>"; };
		D0904BB0222941FB005A5483 /* Base */ = {isa = PBXFileReference; lastKnownFileType = file.storyboard; name = Base; path = Base.lproj/MainInterface.storyboard; sourceTree = "<group>"; };
		D0904BB2222941FB005A5483 /* Info.plist */ = {isa = PBXFileReference; lastKnownFileType = text.plist.xml; path = Info.plist; sourceTree = "<group>"; };
		D0904BBA2229427A005A5483 /* YoutubeApp.entitlements */ = {isa = PBXFileReference; lastKnownFileType = text.plist.entitlements; path = YoutubeApp.entitlements; sourceTree = "<group>"; };
		D0904BBB22294293005A5483 /* share.entitlements */ = {isa = PBXFileReference; lastKnownFileType = text.plist.entitlements; path = share.entitlements; sourceTree = "<group>"; };
		D0904BBC222968DD005A5483 /* SpinnerExt.swift */ = {isa = PBXFileReference; fileEncoding = 4; lastKnownFileType = sourcecode.swift; path = SpinnerExt.swift; sourceTree = "<group>"; };
		D0904BC7222B081C005A5483 /* Alert.swift */ = {isa = PBXFileReference; fileEncoding = 4; lastKnownFileType = sourcecode.swift; path = Alert.swift; sourceTree = "<group>"; };
		FC2C939643F7FDC20AC884AA /* Pods-YoutubeApp.release.xcconfig */ = {isa = PBXFileReference; includeInIndex = 1; lastKnownFileType = text.xcconfig; name = "Pods-YoutubeApp.release.xcconfig"; path = "Pods/Target Support Files/Pods-YoutubeApp/Pods-YoutubeApp.release.xcconfig"; sourceTree = "<group>"; };
/* End PBXFileReference section */

/* Begin PBXFrameworksBuildPhase section */
		D0904B8B222931B3005A5483 /* Frameworks */ = {
			isa = PBXFrameworksBuildPhase;
			buildActionMask = 2147483647;
			files = (
				F54CF4318805010CD555E9D7 /* Pods_YoutubeApp.framework in Frameworks */,
			);
			runOnlyForDeploymentPostprocessing = 0;
		};
		D0904BA8222941FB005A5483 /* Frameworks */ = {
			isa = PBXFrameworksBuildPhase;
			buildActionMask = 2147483647;
			files = (
			);
			runOnlyForDeploymentPostprocessing = 0;
		};
/* End PBXFrameworksBuildPhase section */

/* Begin PBXGroup section */
		41F7D5839C7FFEB4282BE76E /* Pods */ = {
			isa = PBXGroup;
			children = (
				7623A49998718F8119A9E797 /* Pods-YoutubeApp.debug.xcconfig */,
				FC2C939643F7FDC20AC884AA /* Pods-YoutubeApp.release.xcconfig */,
			);
			name = Pods;
			sourceTree = "<group>";
		};
		D0904B85222931B3005A5483 = {
			isa = PBXGroup;
			children = (
				D0904B90222931B3005A5483 /* YoutubeApp */,
				D0904BAC222941FB005A5483 /* share */,
				D0904B8F222931B3005A5483 /* Products */,
				41F7D5839C7FFEB4282BE76E /* Pods */,
				E84303EE781797BE2A278EB6 /* Frameworks */,
			);
			sourceTree = "<group>";
		};
		D0904B8F222931B3005A5483 /* Products */ = {
			isa = PBXGroup;
			children = (
				D0904B8E222931B3005A5483 /* YoutubeApp.app */,
				D0904BAB222941FB005A5483 /* share.appex */,
			);
			name = Products;
			sourceTree = "<group>";
		};
		D0904B90222931B3005A5483 /* YoutubeApp */ = {
			isa = PBXGroup;
			children = (
				D0904BBA2229427A005A5483 /* YoutubeApp.entitlements */,
				D0904B91222931B3005A5483 /* AppDelegate.swift */,
				D0904BBC222968DD005A5483 /* SpinnerExt.swift */,
				D0904B93222931B3005A5483 /* ViewController.swift */,
				D0904BC7222B081C005A5483 /* Alert.swift */,
				D0904B95222931B3005A5483 /* Main.storyboard */,
				D0904B98222931B4005A5483 /* Assets.xcassets */,
				D0904B9A222931B4005A5483 /* LaunchScreen.storyboard */,
				D0904B9D222931B4005A5483 /* Info.plist */,
			);
			path = YoutubeApp;
			sourceTree = "<group>";
		};
		D0904BAC222941FB005A5483 /* share */ = {
			isa = PBXGroup;
			children = (
				D0904BBB22294293005A5483 /* share.entitlements */,
				D0904BAD222941FB005A5483 /* ShareViewController.swift */,
				D0904BAF222941FB005A5483 /* MainInterface.storyboard */,
				D0904BB2222941FB005A5483 /* Info.plist */,
			);
			path = share;
			sourceTree = "<group>";
		};
		E84303EE781797BE2A278EB6 /* Frameworks */ = {
			isa = PBXGroup;
			children = (
				B8E35F2E6C4FFFBD1EA9CEA3 /* Pods_YoutubeApp.framework */,
			);
			name = Frameworks;
			sourceTree = "<group>";
		};
/* End PBXGroup section */

/* Begin PBXNativeTarget section */
		D0904B8D222931B3005A5483 /* YoutubeApp */ = {
			isa = PBXNativeTarget;
			buildConfigurationList = D0904BA0222931B4005A5483 /* Build configuration list for PBXNativeTarget "YoutubeApp" */;
			buildPhases = (
				A0C83BB688D9E8BAFAC7DF1E /* [CP] Check Pods Manifest.lock */,
				D0904B8A222931B3005A5483 /* Sources */,
				D0904B8B222931B3005A5483 /* Frameworks */,
				D0904B8C222931B3005A5483 /* Resources */,
				D22166FDEF7DC191ACDB9370 /* [CP] Embed Pods Frameworks */,
				D0904BB9222941FB005A5483 /* Embed App Extensions */,
			);
			buildRules = (
			);
			dependencies = (
				D0904BB4222941FB005A5483 /* PBXTargetDependency */,
			);
			name = YoutubeApp;
			productName = YoutubeApp;
			productReference = D0904B8E222931B3005A5483 /* YoutubeApp.app */;
			productType = "com.apple.product-type.application";
		};
		D0904BAA222941FB005A5483 /* share */ = {
			isa = PBXNativeTarget;
			buildConfigurationList = D0904BB6222941FB005A5483 /* Build configuration list for PBXNativeTarget "share" */;
			buildPhases = (
				D0904BA7222941FB005A5483 /* Sources */,
				D0904BA8222941FB005A5483 /* Frameworks */,
				D0904BA9222941FB005A5483 /* Resources */,
			);
			buildRules = (
			);
			dependencies = (
			);
			name = share;
			productName = share;
			productReference = D0904BAB222941FB005A5483 /* share.appex */;
			productType = "com.apple.product-type.app-extension";
		};
/* End PBXNativeTarget section */

/* Begin PBXProject section */
		D0904B86222931B3005A5483 /* Project object */ = {
			isa = PBXProject;
			attributes = {
				LastSwiftUpdateCheck = 1010;
				LastUpgradeCheck = 1010;
				ORGANIZATIONNAME = "Sameh sayed";
				TargetAttributes = {
					D0904B8D222931B3005A5483 = {
						CreatedOnToolsVersion = 10.1;
						SystemCapabilities = {
							com.apple.ApplicationGroups.iOS = {
								enabled = 1;
							};
							com.apple.BackgroundModes = {
								enabled = 1;
							};
						};
					};
					D0904BAA222941FB005A5483 = {
						CreatedOnToolsVersion = 10.1;
						SystemCapabilities = {
							com.apple.ApplicationGroups.iOS = {
								enabled = 1;
							};
						};
					};
				};
			};
			buildConfigurationList = D0904B89222931B3005A5483 /* Build configuration list for PBXProject "YoutubeApp" */;
			compatibilityVersion = "Xcode 9.3";
			developmentRegion = en;
			hasScannedForEncodings = 0;
			knownRegions = (
				en,
				Base,
			);
			mainGroup = D0904B85222931B3005A5483;
			productRefGroup = D0904B8F222931B3005A5483 /* Products */;
			projectDirPath = "";
			projectRoot = "";
			targets = (
				D0904B8D222931B3005A5483 /* YoutubeApp */,
				D0904BAA222941FB005A5483 /* share */,
			);
		};
/* End PBXProject section */

/* Begin PBXResourcesBuildPhase section */
		D0904B8C222931B3005A5483 /* Resources */ = {
			isa = PBXResourcesBuildPhase;
			buildActionMask = 2147483647;
			files = (
				D0904B9C222931B4005A5483 /* LaunchScreen.storyboard in Resources */,
				D0904B99222931B4005A5483 /* Assets.xcassets in Resources */,
				D0904B97222931B3005A5483 /* Main.storyboard in Resources */,
			);
			runOnlyForDeploymentPostprocessing = 0;
		};
		D0904BA9222941FB005A5483 /* Resources */ = {
			isa = PBXResourcesBuildPhase;
			buildActionMask = 2147483647;
			files = (
				D0904BB1222941FB005A5483 /* MainInterface.storyboard in Resources */,
			);
			runOnlyForDeploymentPostprocessing = 0;
		};
/* End PBXResourcesBuildPhase section */

/* Begin PBXShellScriptBuildPhase section */
		A0C83BB688D9E8BAFAC7DF1E /* [CP] Check Pods Manifest.lock */ = {
			isa = PBXShellScriptBuildPhase;
			buildActionMask = 2147483647;
			files = (
			);
			inputFileListPaths = (
			);
			inputPaths = (
				"${PODS_PODFILE_DIR_PATH}/Podfile.lock",
				"${PODS_ROOT}/Manifest.lock",
			);
			name = "[CP] Check Pods Manifest.lock";
			outputFileListPaths = (
			);
			outputPaths = (
				"$(DERIVED_FILE_DIR)/Pods-YoutubeApp-checkManifestLockResult.txt",
			);
			runOnlyForDeploymentPostprocessing = 0;
			shellPath = /bin/sh;
			shellScript = "diff \"${PODS_PODFILE_DIR_PATH}/Podfile.lock\" \"${PODS_ROOT}/Manifest.lock\" > /dev/null\nif [ $? != 0 ] ; then\n    # print error to STDERR\n    echo \"error: The sandbox is not in sync with the Podfile.lock. Run 'pod install' or update your CocoaPods installation.\" >&2\n    exit 1\nfi\n# This output is used by Xcode 'outputs' to avoid re-running this script phase.\necho \"SUCCESS\" > \"${SCRIPT_OUTPUT_FILE_0}\"\n";
			showEnvVarsInLog = 0;
		};
		D22166FDEF7DC191ACDB9370 /* [CP] Embed Pods Frameworks */ = {
			isa = PBXShellScriptBuildPhase;
			buildActionMask = 2147483647;
			files = (
			);
			inputFileListPaths = (
			);
			inputPaths = (
				"${SRCROOT}/Pods/Target Support Files/Pods-YoutubeApp/Pods-YoutubeApp-frameworks.sh",
				"${BUILT_PRODUCTS_DIR}/Alamofire/Alamofire.framework",
				"${BUILT_PRODUCTS_DIR}/SwiftAudio/SwiftAudio.framework",
			);
			name = "[CP] Embed Pods Frameworks";
			outputFileListPaths = (
			);
			outputPaths = (
				"${TARGET_BUILD_DIR}/${FRAMEWORKS_FOLDER_PATH}/Alamofire.framework",
				"${TARGET_BUILD_DIR}/${FRAMEWORKS_FOLDER_PATH}/SwiftAudio.framework",
			);
			runOnlyForDeploymentPostprocessing = 0;
			shellPath = /bin/sh;
			shellScript = "\"${SRCROOT}/Pods/Target Support Files/Pods-YoutubeApp/Pods-YoutubeApp-frameworks.sh\"\n";
			showEnvVarsInLog = 0;
		};
/* End PBXShellScriptBuildPhase section */

/* Begin PBXSourcesBuildPhase section */
		D0904B8A222931B3005A5483 /* Sources */ = {
			isa = PBXSourcesBuildPhase;
			buildActionMask = 2147483647;
			files = (
				D0904B94222931B3005A5483 /* ViewController.swift in Sources */,
				D0904B92222931B3005A5483 /* AppDelegate.swift in Sources */,
				D0904BC8222B081C005A5483 /* Alert.swift in Sources */,
				D0904BBD222968DD005A5483 /* SpinnerExt.swift in Sources */,
			);
			runOnlyForDeploymentPostprocessing = 0;
		};
		D0904BA7222941FB005A5483 /* Sources */ = {
			isa = PBXSourcesBuildPhase;
			buildActionMask = 2147483647;
			files = (
				D0904BAE222941FB005A5483 /* ShareViewController.swift in Sources */,
			);
			runOnlyForDeploymentPostprocessing = 0;
		};
/* End PBXSourcesBuildPhase section */

/* Begin PBXTargetDependency section */
		D0904BB4222941FB005A5483 /* PBXTargetDependency */ = {
			isa = PBXTargetDependency;
			target = D0904BAA222941FB005A5483 /* share */;
			targetProxy = D0904BB3222941FB005A5483 /* PBXContainerItemProxy */;
		};
/* End PBXTargetDependency section */

/* Begin PBXVariantGroup section */
		D0904B95222931B3005A5483 /* Main.storyboard */ = {
			isa = PBXVariantGroup;
			children = (
				D0904B96222931B3005A5483 /* Base */,
			);
			name = Main.storyboard;
			sourceTree = "<group>";
		};
		D0904B9A222931B4005A5483 /* LaunchScreen.storyboard */ = {
			isa = PBXVariantGroup;
			children = (
				D0904B9B222931B4005A5483 /* Base */,
			);
			name = LaunchScreen.storyboard;
			sourceTree = "<group>";
		};
		D0904BAF222941FB005A5483 /* MainInterface.storyboard */ = {
			isa = PBXVariantGroup;
			children = (
				D0904BB0222941FB005A5483 /* Base */,
			);
			name = MainInterface.storyboard;
			sourceTree = "<group>";
		};
/* End PBXVariantGroup section */

/* Begin XCBuildConfiguration section */
		D0904B9E222931B4005A5483 /* Debug */ = {
			isa = XCBuildConfiguration;
			buildSettings = {
				ALWAYS_SEARCH_USER_PATHS = NO;
				CLANG_ANALYZER_NONNULL = YES;
				CLANG_ANALYZER_NUMBER_OBJECT_CONVERSION = YES_AGGRESSIVE;
				CLANG_CXX_LANGUAGE_STANDARD = "gnu++14";
				CLANG_CXX_LIBRARY = "libc++";
				CLANG_ENABLE_MODULES = YES;
				CLANG_ENABLE_OBJC_ARC = YES;
				CLANG_ENABLE_OBJC_WEAK = YES;
				CLANG_WARN_BLOCK_CAPTURE_AUTORELEASING = YES;
				CLANG_WARN_BOOL_CONVERSION = YES;
				CLANG_WARN_COMMA = YES;
				CLANG_WARN_CONSTANT_CONVERSION = YES;
				CLANG_WARN_DEPRECATED_OBJC_IMPLEMENTATIONS = YES;
				CLANG_WARN_DIRECT_OBJC_ISA_USAGE = YES_ERROR;
				CLANG_WARN_DOCUMENTATION_COMMENTS = YES;
				CLANG_WARN_EMPTY_BODY = YES;
				CLANG_WARN_ENUM_CONVERSION = YES;
				CLANG_WARN_INFINITE_RECURSION = YES;
				CLANG_WARN_INT_CONVERSION = YES;
				CLANG_WARN_NON_LITERAL_NULL_CONVERSION = YES;
				CLANG_WARN_OBJC_IMPLICIT_RETAIN_SELF = YES;
				CLANG_WARN_OBJC_LITERAL_CONVERSION = YES;
				CLANG_WARN_OBJC_ROOT_CLASS = YES_ERROR;
				CLANG_WARN_RANGE_LOOP_ANALYSIS = YES;
				CLANG_WARN_STRICT_PROTOTYPES = YES;
				CLANG_WARN_SUSPICIOUS_MOVE = YES;
				CLANG_WARN_UNGUARDED_AVAILABILITY = YES_AGGRESSIVE;
				CLANG_WARN_UNREACHABLE_CODE = YES;
				CLANG_WARN__DUPLICATE_METHOD_MATCH = YES;
				CODE_SIGN_IDENTITY = "iPhone Developer";
				COPY_PHASE_STRIP = NO;
				DEBUG_INFORMATION_FORMAT = dwarf;
				ENABLE_STRICT_OBJC_MSGSEND = YES;
				ENABLE_TESTABILITY = YES;
				GCC_C_LANGUAGE_STANDARD = gnu11;
				GCC_DYNAMIC_NO_PIC = NO;
				GCC_NO_COMMON_BLOCKS = YES;
				GCC_OPTIMIZATION_LEVEL = 0;
				GCC_PREPROCESSOR_DEFINITIONS = (
					"DEBUG=1",
					"$(inherited)",
				);
				GCC_WARN_64_TO_32_BIT_CONVERSION = YES;
				GCC_WARN_ABOUT_RETURN_TYPE = YES_ERROR;
				GCC_WARN_UNDECLARED_SELECTOR = YES;
				GCC_WARN_UNINITIALIZED_AUTOS = YES_AGGRESSIVE;
				GCC_WARN_UNUSED_FUNCTION = YES;
				GCC_WARN_UNUSED_VARIABLE = YES;
				IPHONEOS_DEPLOYMENT_TARGET = 12.1;
				MTL_ENABLE_DEBUG_INFO = INCLUDE_SOURCE;
				MTL_FAST_MATH = YES;
				ONLY_ACTIVE_ARCH = YES;
				SDKROOT = iphoneos;
				SWIFT_ACTIVE_COMPILATION_CONDITIONS = DEBUG;
				SWIFT_OPTIMIZATION_LEVEL = "-Onone";
			};
			name = Debug;
		};
		D0904B9F222931B4005A5483 /* Release */ = {
			isa = XCBuildConfiguration;
			buildSettings = {
				ALWAYS_SEARCH_USER_PATHS = NO;
				CLANG_ANALYZER_NONNULL = YES;
				CLANG_ANALYZER_NUMBER_OBJECT_CONVERSION = YES_AGGRESSIVE;
				CLANG_CXX_LANGUAGE_STANDARD = "gnu++14";
				CLANG_CXX_LIBRARY = "libc++";
				CLANG_ENABLE_MODULES = YES;
				CLANG_ENABLE_OBJC_ARC = YES;
				CLANG_ENABLE_OBJC_WEAK = YES;
				CLANG_WARN_BLOCK_CAPTURE_AUTORELEASING = YES;
				CLANG_WARN_BOOL_CONVERSION = YES;
				CLANG_WARN_COMMA = YES;
				CLANG_WARN_CONSTANT_CONVERSION = YES;
				CLANG_WARN_DEPRECATED_OBJC_IMPLEMENTATIONS = YES;
				CLANG_WARN_DIRECT_OBJC_ISA_USAGE = YES_ERROR;
				CLANG_WARN_DOCUMENTATION_COMMENTS = YES;
				CLANG_WARN_EMPTY_BODY = YES;
				CLANG_WARN_ENUM_CONVERSION = YES;
				CLANG_WARN_INFINITE_RECURSION = YES;
				CLANG_WARN_INT_CONVERSION = YES;
				CLANG_WARN_NON_LITERAL_NULL_CONVERSION = YES;
				CLANG_WARN_OBJC_IMPLICIT_RETAIN_SELF = YES;
				CLANG_WARN_OBJC_LITERAL_CONVERSION = YES;
				CLANG_WARN_OBJC_ROOT_CLASS = YES_ERROR;
				CLANG_WARN_RANGE_LOOP_ANALYSIS = YES;
				CLANG_WARN_STRICT_PROTOTYPES = YES;
				CLANG_WARN_SUSPICIOUS_MOVE = YES;
				CLANG_WARN_UNGUARDED_AVAILABILITY = YES_AGGRESSIVE;
				CLANG_WARN_UNREACHABLE_CODE = YES;
				CLANG_WARN__DUPLICATE_METHOD_MATCH = YES;
				CODE_SIGN_IDENTITY = "iPhone Developer";
				COPY_PHASE_STRIP = NO;
				DEBUG_INFORMATION_FORMAT = "dwarf-with-dsym";
				ENABLE_NS_ASSERTIONS = NO;
				ENABLE_STRICT_OBJC_MSGSEND = YES;
				GCC_C_LANGUAGE_STANDARD = gnu11;
				GCC_NO_COMMON_BLOCKS = YES;
				GCC_WARN_64_TO_32_BIT_CONVERSION = YES;
				GCC_WARN_ABOUT_RETURN_TYPE = YES_ERROR;
				GCC_WARN_UNDECLARED_SELECTOR = YES;
				GCC_WARN_UNINITIALIZED_AUTOS = YES_AGGRESSIVE;
				GCC_WARN_UNUSED_FUNCTION = YES;
				GCC_WARN_UNUSED_VARIABLE = YES;
				IPHONEOS_DEPLOYMENT_TARGET = 12.1;
				MTL_ENABLE_DEBUG_INFO = NO;
				MTL_FAST_MATH = YES;
				SDKROOT = iphoneos;
				SWIFT_COMPILATION_MODE = wholemodule;
				SWIFT_OPTIMIZATION_LEVEL = "-O";
				VALIDATE_PRODUCT = YES;
			};
			name = Release;
		};
		D0904BA1222931B4005A5483 /* Debug */ = {
			isa = XCBuildConfiguration;
			baseConfigurationReference = 7623A49998718F8119A9E797 /* Pods-YoutubeApp.debug.xcconfig */;
			buildSettings = {
				ALWAYS_EMBED_SWIFT_STANDARD_LIBRARIES = YES;
				ASSETCATALOG_COMPILER_APPICON_NAME = AppIcon;
				CODE_SIGN_ENTITLEMENTS = YoutubeApp/YoutubeApp.entitlements;
				CODE_SIGN_STYLE = Automatic;
				DEVELOPMENT_TEAM = V862M46692;
				INFOPLIST_FILE = YoutubeApp/Info.plist;
				LD_RUNPATH_SEARCH_PATHS = (
					"$(inherited)",
					"@executable_path/Frameworks",
				);
				PRODUCT_BUNDLE_IDENTIFIER = sameh.YoutubeApp;
				PRODUCT_NAME = "$(TARGET_NAME)";
				SWIFT_VERSION = 4.2;
				TARGETED_DEVICE_FAMILY = "1,2";
			};
			name = Debug;
		};
		D0904BA2222931B4005A5483 /* Release */ = {
			isa = XCBuildConfiguration;
			baseConfigurationReference = FC2C939643F7FDC20AC884AA /* Pods-YoutubeApp.release.xcconfig */;
			buildSettings = {
				ALWAYS_EMBED_SWIFT_STANDARD_LIBRARIES = YES;
				ASSETCATALOG_COMPILER_APPICON_NAME = AppIcon;
				CODE_SIGN_ENTITLEMENTS = YoutubeApp/YoutubeApp.entitlements;
				CODE_SIGN_STYLE = Automatic;
				DEVELOPMENT_TEAM = V862M46692;
				INFOPLIST_FILE = YoutubeApp/Info.plist;
				LD_RUNPATH_SEARCH_PATHS = (
					"$(inherited)",
					"@executable_path/Frameworks",
				);
				PRODUCT_BUNDLE_IDENTIFIER = sameh.YoutubeApp;
				PRODUCT_NAME = "$(TARGET_NAME)";
				SWIFT_VERSION = 4.2;
				TARGETED_DEVICE_FAMILY = "1,2";
			};
			name = Release;
		};
		D0904BB7222941FB005A5483 /* Debug */ = {
			isa = XCBuildConfiguration;
			buildSettings = {
				CODE_SIGN_ENTITLEMENTS = share/share.entitlements;
				CODE_SIGN_STYLE = Automatic;
				DEVELOPMENT_TEAM = V862M46692;
				INFOPLIST_FILE = share/Info.plist;
				LD_RUNPATH_SEARCH_PATHS = (
					"$(inherited)",
					"@executable_path/Frameworks",
					"@executable_path/../../Frameworks",
				);
				PRODUCT_BUNDLE_IDENTIFIER = sameh.YoutubeApp.share;
				PRODUCT_NAME = "$(TARGET_NAME)";
				SKIP_INSTALL = YES;
				SWIFT_VERSION = 4.2;
				TARGETED_DEVICE_FAMILY = "1,2";
			};
			name = Debug;
		};
		D0904BB8222941FB005A5483 /* Release */ = {
			isa = XCBuildConfiguration;
			buildSettings = {
				CODE_SIGN_ENTITLEMENTS = share/share.entitlements;
				CODE_SIGN_STYLE = Automatic;
				DEVELOPMENT_TEAM = V862M46692;
				INFOPLIST_FILE = share/Info.plist;
				LD_RUNPATH_SEARCH_PATHS = (
					"$(inherited)",
					"@executable_path/Frameworks",
					"@executable_path/../../Frameworks",
				);
				PRODUCT_BUNDLE_IDENTIFIER = sameh.YoutubeApp.share;
				PRODUCT_NAME = "$(TARGET_NAME)";
				SKIP_INSTALL = YES;
				SWIFT_VERSION = 4.2;
				TARGETED_DEVICE_FAMILY = "1,2";
			};
			name = Release;
		};
/* End XCBuildConfiguration section */

/* Begin XCConfigurationList section */
		D0904B89222931B3005A5483 /* Build configuration list for PBXProject "YoutubeApp" */ = {
			isa = XCConfigurationList;
			buildConfigurations = (
				D0904B9E222931B4005A5483 /* Debug */,
				D0904B9F222931B4005A5483 /* Release */,
			);
			defaultConfigurationIsVisible = 0;
			defaultConfigurationName = Release;
		};
		D0904BA0222931B4005A5483 /* Build configuration list for PBXNativeTarget "YoutubeApp" */ = {
			isa = XCConfigurationList;
			buildConfigurations = (
				D0904BA1222931B4005A5483 /* Debug */,
				D0904BA2222931B4005A5483 /* Release */,
			);
			defaultConfigurationIsVisible = 0;
			defaultConfigurationName = Release;
		};
		D0904BB6222941FB005A5483 /* Build configuration list for PBXNativeTarget "share" */ = {
			isa = XCConfigurationList;
			buildConfigurations = (
				D0904BB7222941FB005A5483 /* Debug */,
				D0904BB8222941FB005A5483 /* Release */,
			);
			defaultConfigurationIsVisible = 0;
			defaultConfigurationName = Release;
		};
/* End XCConfigurationList section */
	};
	rootObject = D0904B86222931B3005A5483 /* Project object */;
}
